// !$*UTF8*$!
{
	archiveVersion = 1;
	classes = {
	};
	objectVersion = 56;
	objects = {

/* Begin PBXBuildFile section */
		2353F83D2AB2365B00C3328F /* AppDelegate.swift in Sources */ = {isa = PBXBuildFile; fileRef = 2353F83C2AB2365B00C3328F /* AppDelegate.swift */; };
		2353F83F2AB2365B00C3328F /* SceneDelegate.swift in Sources */ = {isa = PBXBuildFile; fileRef = 2353F83E2AB2365B00C3328F /* SceneDelegate.swift */; };
		2353F8442AB2365B00C3328F /* Main.storyboard in Resources */ = {isa = PBXBuildFile; fileRef = 2353F8422AB2365B00C3328F /* Main.storyboard */; };
		2353F8462AB2365D00C3328F /* Assets.xcassets in Resources */ = {isa = PBXBuildFile; fileRef = 2353F8452AB2365D00C3328F /* Assets.xcassets */; };
		2353F8492AB2365D00C3328F /* LaunchScreen.storyboard in Resources */ = {isa = PBXBuildFile; fileRef = 2353F8472AB2365D00C3328F /* LaunchScreen.storyboard */; };
		2373D7702AECBC8D0079C7B5 /* ItemsViewController.swift in Sources */ = {isa = PBXBuildFile; fileRef = 2373D76F2AECBC8D0079C7B5 /* ItemsViewController.swift */; };
		23B3C3B42AEA454C00B8BB3E /* Item.swift in Sources */ = {isa = PBXBuildFile; fileRef = 23B3C3B32AEA454C00B8BB3E /* Item.swift */; };
		23B3C3B82AEA457700B8BB3E /* DetailViewController.swift in Sources */ = {isa = PBXBuildFile; fileRef = 23B3C3B72AEA457700B8BB3E /* DetailViewController.swift */; };
		23B3C3BA2AEA459000B8BB3E /* ItemCell.swift in Sources */ = {isa = PBXBuildFile; fileRef = 23B3C3B92AEA459000B8BB3E /* ItemCell.swift */; };
		23B3C3BC2AEA45AC00B8BB3E /* ItemStore.swift in Sources */ = {isa = PBXBuildFile; fileRef = 23B3C3BB2AEA45AC00B8BB3E /* ItemStore.swift */; };
/* End PBXBuildFile section */

/* Begin PBXFileReference section */
		2353F8392AB2365B00C3328F /* project_one.app */ = {isa = PBXFileReference; explicitFileType = wrapper.application; includeInIndex = 0; path = project_one.app; sourceTree = BUILT_PRODUCTS_DIR; };
		2353F83C2AB2365B00C3328F /* AppDelegate.swift */ = {isa = PBXFileReference; lastKnownFileType = sourcecode.swift; path = AppDelegate.swift; sourceTree = "<group>"; };
		2353F83E2AB2365B00C3328F /* SceneDelegate.swift */ = {isa = PBXFileReference; lastKnownFileType = sourcecode.swift; path = SceneDelegate.swift; sourceTree = "<group>"; };
		2353F8432AB2365B00C3328F /* Base */ = {isa = PBXFileReference; lastKnownFileType = file.storyboard; name = Base; path = Base.lproj/Main.storyboard; sourceTree = "<group>"; };
		2353F8452AB2365D00C3328F /* Assets.xcassets */ = {isa = PBXFileReference; lastKnownFileType = folder.assetcatalog; path = Assets.xcassets; sourceTree = "<group>"; };
		2353F8482AB2365D00C3328F /* Base */ = {isa = PBXFileReference; lastKnownFileType = file.storyboard; name = Base; path = Base.lproj/LaunchScreen.storyboard; sourceTree = "<group>"; };
		2353F84A2AB2365D00C3328F /* Info.plist */ = {isa = PBXFileReference; lastKnownFileType = text.plist.xml; path = Info.plist; sourceTree = "<group>"; };
		2373D76F2AECBC8D0079C7B5 /* ItemsViewController.swift */ = {isa = PBXFileReference; lastKnownFileType = sourcecode.swift; path = ItemsViewController.swift; sourceTree = "<group>"; };
		23B3C3B32AEA454C00B8BB3E /* Item.swift */ = {isa = PBXFileReference; lastKnownFileType = sourcecode.swift; path = Item.swift; sourceTree = "<group>"; };
		23B3C3B72AEA457700B8BB3E /* DetailViewController.swift */ = {isa = PBXFileReference; lastKnownFileType = sourcecode.swift; path = DetailViewController.swift; sourceTree = "<group>"; };
		23B3C3B92AEA459000B8BB3E /* ItemCell.swift */ = {isa = PBXFileReference; lastKnownFileType = sourcecode.swift; path = ItemCell.swift; sourceTree = "<group>"; };
		23B3C3BB2AEA45AC00B8BB3E /* ItemStore.swift */ = {isa = PBXFileReference; lastKnownFileType = sourcecode.swift; path = ItemStore.swift; sourceTree = "<group>"; };
/* End PBXFileReference section */

/* Begin PBXFrameworksBuildPhase section */
		2353F8362AB2365B00C3328F /* Frameworks */ = {
			isa = PBXFrameworksBuildPhase;
			buildActionMask = 2147483647;
			files = (
			);
			runOnlyForDeploymentPostprocessing = 0;
		};
/* End PBXFrameworksBuildPhase section */

/* Begin PBXGroup section */
		2353F8302AB2365B00C3328F = {
			isa = PBXGroup;
			children = (
				2353F83B2AB2365B00C3328F /* project_one */,
				2353F83A2AB2365B00C3328F /* Products */,
			);
			sourceTree = "<group>";
		};
		2353F83A2AB2365B00C3328F /* Products */ = {
			isa = PBXGroup;
			children = (
				2353F8392AB2365B00C3328F /* project_one.app */,
			);
			name = Products;
			sourceTree = "<group>";
		};
		2353F83B2AB2365B00C3328F /* project_one */ = {
			isa = PBXGroup;
			children = (
				2353F83C2AB2365B00C3328F /* AppDelegate.swift */,
				2353F83E2AB2365B00C3328F /* SceneDelegate.swift */,
				23B3C3B32AEA454C00B8BB3E /* Item.swift */,
				23B3C3B92AEA459000B8BB3E /* ItemCell.swift */,
				23B3C3BB2AEA45AC00B8BB3E /* ItemStore.swift */,
				23B3C3B72AEA457700B8BB3E /* DetailViewController.swift */,
				2373D76F2AECBC8D0079C7B5 /* ItemsViewController.swift */,
				2353F8422AB2365B00C3328F /* Main.storyboard */,
				2353F8452AB2365D00C3328F /* Assets.xcassets */,
				2353F8472AB2365D00C3328F /* LaunchScreen.storyboard */,
				2353F84A2AB2365D00C3328F /* Info.plist */,
			);
			path = project_one;
			sourceTree = "<group>";
		};
/* End PBXGroup section */

/* Begin PBXNativeTarget section */
		2353F8382AB2365B00C3328F /* project_one */ = {
			isa = PBXNativeTarget;
			buildConfigurationList = 2353F84D2AB2365D00C3328F /* Build configuration list for PBXNativeTarget "project_one" */;
			buildPhases = (
				2353F8352AB2365B00C3328F /* Sources */,
				2353F8362AB2365B00C3328F /* Frameworks */,
				2353F8372AB2365B00C3328F /* Resources */,
			);
			buildRules = (
			);
			dependencies = (
			);
			name = project_one;
			productName = project_one;
			productReference = 2353F8392AB2365B00C3328F /* project_one.app */;
			productType = "com.apple.product-type.application";
		};
/* End PBXNativeTarget section */

/* Begin PBXProject section */
		2353F8312AB2365B00C3328F /* Project object */ = {
			isa = PBXProject;
			attributes = {
				BuildIndependentTargetsInParallel = 1;
				LastSwiftUpdateCheck = 1430;
				LastUpgradeCheck = 1430;
				TargetAttributes = {
					2353F8382AB2365B00C3328F = {
						CreatedOnToolsVersion = 14.3.1;
					};
				};
			};
			buildConfigurationList = 2353F8342AB2365B00C3328F /* Build configuration list for PBXProject "project_one" */;
			compatibilityVersion = "Xcode 14.0";
			developmentRegion = en;
			hasScannedForEncodings = 0;
			knownRegions = (
				en,
				Base,
			);
			mainGroup = 2353F8302AB2365B00C3328F;
			productRefGroup = 2353F83A2AB2365B00C3328F /* Products */;
			projectDirPath = "";
			projectRoot = "";
			targets = (
				2353F8382AB2365B00C3328F /* project_one */,
			);
		};
/* End PBXProject section */

/* Begin PBXResourcesBuildPhase section */
		2353F8372AB2365B00C3328F /* Resources */ = {
			isa = PBXResourcesBuildPhase;
			buildActionMask = 2147483647;
			files = (
				2353F8492AB2365D00C3328F /* LaunchScreen.storyboard in Resources */,
				2353F8462AB2365D00C3328F /* Assets.xcassets in Resources */,
				2353F8442AB2365B00C3328F /* Main.storyboard in Resources */,
			);
			runOnlyForDeploymentPostprocessing = 0;
		};
/* End PBXResourcesBuildPhase section */

/* Begin PBXSourcesBuildPhase section */
		2353F8352AB2365B00C3328F /* Sources */ = {
			isa = PBXSourcesBuildPhase;
			buildActionMask = 2147483647;
			files = (
				23B3C3BA2AEA459000B8BB3E /* ItemCell.swift in Sources */,
				23B3C3BC2AEA45AC00B8BB3E /* ItemStore.swift in Sources */,
				2353F83D2AB2365B00C3328F /* AppDelegate.swift in Sources */,
				23B3C3B42AEA454C00B8BB3E /* Item.swift in Sources */,
				2373D7702AECBC8D0079C7B5 /* ItemsViewController.swift in Sources */,
				2353F83F2AB2365B00C3328F /* SceneDelegate.swift in Sources */,
				23B3C3B82AEA457700B8BB3E /* DetailViewController.swift in Sources */,
			);
			runOnlyForDeploymentPostprocessing = 0;
		};
/* End PBXSourcesBuildPhase section */

/* Begin PBXVariantGroup section */
		2353F8422AB2365B00C3328F /* Main.storyboard */ = {
			isa = PBXVariantGroup;
			children = (
				2353F8432AB2365B00C3328F /* Base */,
			);
			name = Main.storyboard;
			sourceTree = "<group>";
		};
		2353F8472AB2365D00C3328F /* LaunchScreen.storyboard */ = {
			isa = PBXVariantGroup;
			children = (
				2353F8482AB2365D00C3328F /* Base */,
			);
			name = LaunchScreen.storyboard;
			sourceTree = "<group>";
		};
/* End PBXVariantGroup section */

/* Begin XCBuildConfiguration section */
		2353F84B2AB2365D00C3328F /* Debug */ = {
			isa = XCBuildConfiguration;
			buildSettings = {
				ALWAYS_SEARCH_USER_PATHS = NO;
				CLANG_ANALYZER_NONNULL = YES;
				CLANG_ANALYZER_NUMBER_OBJECT_CONVERSION = YES_AGGRESSIVE;
				CLANG_CXX_LANGUAGE_STANDARD = "gnu++20";
				CLANG_ENABLE_MODULES = YES;
				CLANG_ENABLE_OBJC_ARC = YES;
				CLANG_ENABLE_OBJC_WEAK = YES;
				CLANG_WARN_BLOCK_CAPTURE_AUTORELEASING = YES;
				CLANG_WARN_BOOL_CONVERSION = YES;
				CLANG_WARN_COMMA = YES;
				CLANG_WARN_CONSTANT_CONVERSION = YES;
				CLANG_WARN_DEPRECATED_OBJC_IMPLEMENTATIONS = YES;
				CLANG_WARN_DIRECT_OBJC_ISA_USAGE = YES_ERROR;
				CLANG_WARN_DOCUMENTATION_COMMENTS = YES;
				CLANG_WARN_EMPTY_BODY = YES;
				CLANG_WARN_ENUM_CONVERSION = YES;
				CLANG_WARN_INFINITE_RECURSION = YES;
				CLANG_WARN_INT_CONVERSION = YES;
				CLANG_WARN_NON_LITERAL_NULL_CONVERSION = YES;
				CLANG_WARN_OBJC_IMPLICIT_RETAIN_SELF = YES;
				CLANG_WARN_OBJC_LITERAL_CONVERSION = YES;
				CLANG_WARN_OBJC_ROOT_CLASS = YES_ERROR;
				CLANG_WARN_QUOTED_INCLUDE_IN_FRAMEWORK_HEADER = YES;
				CLANG_WARN_RANGE_LOOP_ANALYSIS = YES;
				CLANG_WARN_STRICT_PROTOTYPES = YES;
				CLANG_WARN_SUSPICIOUS_MOVE = YES;
				CLANG_WARN_UNGUARDED_AVAILABILITY = YES_AGGRESSIVE;
				CLANG_WARN_UNREACHABLE_CODE = YES;
				CLANG_WARN__DUPLICATE_METHOD_MATCH = YES;
				COPY_PHASE_STRIP = NO;
				DEBUG_INFORMATION_FORMAT = dwarf;
				ENABLE_STRICT_OBJC_MSGSEND = YES;
				ENABLE_TESTABILITY = YES;
				GCC_C_LANGUAGE_STANDARD = gnu11;
				GCC_DYNAMIC_NO_PIC = NO;
				GCC_NO_COMMON_BLOCKS = YES;
				GCC_OPTIMIZATION_LEVEL = 0;
				GCC_PREPROCESSOR_DEFINITIONS = (
					"DEBUG=1",
					"$(inherited)",
				);
				GCC_WARN_64_TO_32_BIT_CONVERSION = YES;
				GCC_WARN_ABOUT_RETURN_TYPE = YES_ERROR;
				GCC_WARN_UNDECLARED_SELECTOR = YES;
				GCC_WARN_UNINITIALIZED_AUTOS = YES_AGGRESSIVE;
				GCC_WARN_UNUSED_FUNCTION = YES;
				GCC_WARN_UNUSED_VARIABLE = YES;
				IPHONEOS_DEPLOYMENT_TARGET = 16.4;
				MTL_ENABLE_DEBUG_INFO = INCLUDE_SOURCE;
				MTL_FAST_MATH = YES;
				ONLY_ACTIVE_ARCH = YES;
				SDKROOT = iphoneos;
				SWIFT_ACTIVE_COMPILATION_CONDITIONS = DEBUG;
				SWIFT_OPTIMIZATION_LEVEL = "-Onone";
			};
			name = Debug;
		};
		2353F84C2AB2365D00C3328F /* Release */ = {
			isa = XCBuildConfiguration;
			buildSettings = {
				ALWAYS_SEARCH_USER_PATHS = NO;
				CLANG_ANALYZER_NONNULL = YES;
				CLANG_ANALYZER_NUMBER_OBJECT_CONVERSION = YES_AGGRESSIVE;
				CLANG_CXX_LANGUAGE_STANDARD = "gnu++20";
				CLANG_ENABLE_MODULES = YES;
				CLANG_ENABLE_OBJC_ARC = YES;
				CLANG_ENABLE_OBJC_WEAK = YES;
				CLANG_WARN_BLOCK_CAPTURE_AUTORELEASING = YES;
				CLANG_WARN_BOOL_CONVERSION = YES;
				CLANG_WARN_COMMA = YES;
				CLANG_WARN_CONSTANT_CONVERSION = YES;
				CLANG_WARN_DEPRECATED_OBJC_IMPLEMENTATIONS = YES;
				CLANG_WARN_DIRECT_OBJC_ISA_USAGE = YES_ERROR;
				CLANG_WARN_DOCUMENTATION_COMMENTS = YES;
				CLANG_WARN_EMPTY_BODY = YES;
				CLANG_WARN_ENUM_CONVERSION = YES;
				CLANG_WARN_INFINITE_RECURSION = YES;
				CLANG_WARN_INT_CONVERSION = YES;
				CLANG_WARN_NON_LITERAL_NULL_CONVERSION = YES;
				CLANG_WARN_OBJC_IMPLICIT_RETAIN_SELF = YES;
				CLANG_WARN_OBJC_LITERAL_CONVERSION = YES;
				CLANG_WARN_OBJC_ROOT_CLASS = YES_ERROR;
				CLANG_WARN_QUOTED_INCLUDE_IN_FRAMEWORK_HEADER = YES;
				CLANG_WARN_RANGE_LOOP_ANALYSIS = YES;
				CLANG_WARN_STRICT_PROTOTYPES = YES;
				CLANG_WARN_SUSPICIOUS_MOVE = YES;
				CLANG_WARN_UNGUARDED_AVAILABILITY = YES_AGGRESSIVE;
				CLANG_WARN_UNREACHABLE_CODE = YES;
				CLANG_WARN__DUPLICATE_METHOD_MATCH = YES;
				COPY_PHASE_STRIP = NO;
				DEBUG_INFORMATION_FORMAT = "dwarf-with-dsym";
				ENABLE_NS_ASSERTIONS = NO;
				ENABLE_STRICT_OBJC_MSGSEND = YES;
				GCC_C_LANGUAGE_STANDARD = gnu11;
				GCC_NO_COMMON_BLOCKS = YES;
				GCC_WARN_64_TO_32_BIT_CONVERSION = YES;
				GCC_WARN_ABOUT_RETURN_TYPE = YES_ERROR;
				GCC_WARN_UNDECLARED_SELECTOR = YES;
				GCC_WARN_UNINITIALIZED_AUTOS = YES_AGGRESSIVE;
				GCC_WARN_UNUSED_FUNCTION = YES;
				GCC_WARN_UNUSED_VARIABLE = YES;
				IPHONEOS_DEPLOYMENT_TARGET = 16.4;
				MTL_ENABLE_DEBUG_INFO = NO;
				MTL_FAST_MATH = YES;
				SDKROOT = iphoneos;
				SWIFT_COMPILATION_MODE = wholemodule;
				SWIFT_OPTIMIZATION_LEVEL = "-O";
				VALIDATE_PRODUCT = YES;
			};
			name = Release;
		};
		2353F84E2AB2365D00C3328F /* Debug */ = {
			isa = XCBuildConfiguration;
			buildSettings = {
				ASSETCATALOG_COMPILER_APPICON_NAME = AppIcon;
				ASSETCATALOG_COMPILER_GLOBAL_ACCENT_COLOR_NAME = AccentColor;
				CODE_SIGN_STYLE = Automatic;
				CURRENT_PROJECT_VERSION = 1;
				GENERATE_INFOPLIST_FILE = YES;
				INFOPLIST_FILE = project_one/Info.plist;
				INFOPLIST_KEY_UIApplicationSupportsIndirectInputEvents = YES;
				INFOPLIST_KEY_UILaunchStoryboardName = LaunchScreen;
				INFOPLIST_KEY_UIMainStoryboardFile = Main;
				INFOPLIST_KEY_UISupportedInterfaceOrientations_iPad = "UIInterfaceOrientationPortrait UIInterfaceOrientationPortraitUpsideDown UIInterfaceOrientationLandscapeLeft UIInterfaceOrientationLandscapeRight";
				INFOPLIST_KEY_UISupportedInterfaceOrientations_iPhone = "UIInterfaceOrientationPortrait UIInterfaceOrientationLandscapeLeft UIInterfaceOrientationLandscapeRight";
				LD_RUNPATH_SEARCH_PATHS = (
					"$(inherited)",
					"@executable_path/Frameworks",
				);
				MARKETING_VERSION = 1.0;
				PRODUCT_BUNDLE_IDENTIFIER = "com.example1.project-one.project-one";
				PRODUCT_NAME = "$(TARGET_NAME)";
				SWIFT_EMIT_LOC_STRINGS = YES;
				SWIFT_VERSION = 5.0;
				TARGETED_DEVICE_FAMILY = "1,2";
			};
			name = Debug;
		};
		2353F84F2AB2365D00C3328F /* Release */ = {
			isa = XCBuildConfiguration;
			buildSettings = {
				ASSETCATALOG_COMPILER_APPICON_NAME = AppIcon;
				ASSETCATALOG_COMPILER_GLOBAL_ACCENT_COLOR_NAME = AccentColor;
				CODE_SIGN_STYLE = Automatic;
				CURRENT_PROJECT_VERSION = 1;
				GENERATE_INFOPLIST_FILE = YES;
				INFOPLIST_FILE = project_one/Info.plist;
				INFOPLIST_KEY_UIApplicationSupportsIndirectInputEvents = YES;
				INFOPLIST_KEY_UILaunchStoryboardName = LaunchScreen;
				INFOPLIST_KEY_UIMainStoryboardFile = Main;
				INFOPLIST_KEY_UISupportedInterfaceOrientations_iPad = "UIInterfaceOrientationPortrait UIInterfaceOrientationPortraitUpsideDown UIInterfaceOrientationLandscapeLeft UIInterfaceOrientationLandscapeRight";
				INFOPLIST_KEY_UISupportedInterfaceOrientations_iPhone = "UIInterfaceOrientationPortrait UIInterfaceOrientationLandscapeLeft UIInterfaceOrientationLandscapeRight";
				LD_RUNPATH_SEARCH_PATHS = (
					"$(inherited)",
					"@executable_path/Frameworks",
				);
				MARKETING_VERSION = 1.0;
				PRODUCT_BUNDLE_IDENTIFIER = "com.example1.project-one.project-one";
				PRODUCT_NAME = "$(TARGET_NAME)";
				SWIFT_EMIT_LOC_STRINGS = YES;
				SWIFT_VERSION = 5.0;
				TARGETED_DEVICE_FAMILY = "1,2";
			};
			name = Release;
		};
/* End XCBuildConfiguration section */

/* Begin XCConfigurationList section */
		2353F8342AB2365B00C3328F /* Build configuration list for PBXProject "project_one" */ = {
			isa = XCConfigurationList;
			buildConfigurations = (
				2353F84B2AB2365D00C3328F /* Debug */,
				2353F84C2AB2365D00C3328F /* Release */,
			);
			defaultConfigurationIsVisible = 0;
			defaultConfigurationName = Release;
		};
		2353F84D2AB2365D00C3328F /* Build configuration list for PBXNativeTarget "project_one" */ = {
			isa = XCConfigurationList;
			buildConfigurations = (
				2353F84E2AB2365D00C3328F /* Debug */,
				2353F84F2AB2365D00C3328F /* Release */,
			);
			defaultConfigurationIsVisible = 0;
			defaultConfigurationName = Release;
		};
/* End XCConfigurationList section */
	};
	rootObject = 2353F8312AB2365B00C3328F /* Project object */;
}
